github.com/JosiahWitt/erk v0.2.0 h1:QCqU9cfMy/c+PxoNl8nmxBBpPFHIWQeHJlnWgnDEOUk=
github.com/JosiahWitt/erk v0.2.0/go.mod h1:OiLS68mTg6Aa3Olx2CHoe3Dg38Uy8MsJzHawpT8aEfQ=
github.com/matryer/is v1.2.0 h1:92UTHpy8CDwaJ08GqLDzhhuixiBUUD1p3AU6PHddz4A=
github.com/matryer/is v1.2.0/go.mod h1:2fLPjFQM9rhQ15aVEtbuwhJinnOqrmgXPNdZsdwlWXA=
