github.com/JosiahWitt/erk v0.4.0 h1:kcj1nXQFLd50otB2BYOWzohQyAnxqi1BlSHx7C1oHqk=
github.com/JosiahWitt/erk v0.4.0/go.mod h1:OiLS68mTg6Aa3Olx2CHoe3Dg38Uy8MsJzHawpT8aEfQ=
github.com/matryer/is v1.2.0 h1:92UTHpy8CDwaJ08GqLDzhhuixiBUUD1p3AU6PHddz4A=
github.com/matryer/is v1.2.0/go.mod h1:2fLPjFQM9rhQ15aVEtbuwhJinnOqrmgXPNdZsdwlWXA=
github.com/phayes/freeport v0.0.0-20180830031419-95f893ade6f2 h1:JhzVVoYvbOACxoUmOs6V/G4D5nPVUW73rKvXxP4XUJc=
github.com/phayes/freeport v0.0.0-20180830031419-95f893ade6f2/go.mod h1:iIss55rKnNBTvrwdmkUpLnDpZoAHvWaiq5+iMmen4AE=
